
Microsoft Visual Studio Solution File, Format Version 12.00
# Visual Studio 14
VisualStudioVersion = 14.0.24720.0
MinimumVisualStudioVersion = 10.0.40219.1
Project("{FAE04EC0-301F-11D3-BF4B-00C04F79EFBC}") = "FindShortestNewSequence", "FindShortestNewSequence\FindShortestNewSequence.csproj", "{7C1A663E-1480-4BC7-890B-406D831B0488}"
EndProject
Project("{FAE04EC0-301F-11D3-BF4B-00C04F79EFBC}") = "UnitTestProject1", "UnitTestProject1\UnitTestProject1.csproj", "{894AEFAE-D0CE-4B87-B7FE-BBD0191E7CDA}"
EndProject
Global
	GlobalSection(SolutionConfigurationPlatforms) = preSolution
		Debug|Any CPU = Debug|Any CPU
		Release|Any CPU = Release|Any CPU
	EndGlobalSection
	GlobalSection(ProjectConfigurationPlatforms) = postSolution
		{7C1A663E-1480-4BC7-890B-406D831B0488}.Debug|Any CPU.ActiveCfg = Debug|Any CPU
		{7C1A663E-1480-4BC7-890B-406D831B0488}.Debug|Any CPU.Build.0 = Debug|Any CPU
		{7C1A663E-1480-4BC7-890B-406D831B0488}.Release|Any CPU.ActiveCfg = Release|Any CPU
		{7C1A663E-1480-4BC7-890B-406D831B0488}.Release|Any CPU.Build.0 = Release|Any CPU
		{894AEFAE-D0CE-4B87-B7FE-BBD0191E7CDA}.Debug|Any CPU.ActiveCfg = Debug|Any CPU
		{894AEFAE-D0CE-4B87-B7FE-BBD0191E7CDA}.Debug|Any CPU.Build.0 = Debug|Any CPU
		{894AEFAE-D0CE-4B87-B7FE-BBD0191E7CDA}.Release|Any CPU.ActiveCfg = Release|Any CPU
		{894AEFAE-D0CE-4B87-B7FE-BBD0191E7CDA}.Release|Any CPU.Build.0 = Release|Any CPU
	EndGlobalSection
	GlobalSection(SolutionProperties) = preSolution
		HideSolutionNode = FALSE
	EndGlobalSection
EndGlobal
